
Microsoft Visual Studio Solution File, Format Version 12.00
# Visual Studio Version 17
VisualStudioVersion = 17.3.32819.101
MinimumVisualStudioVersion = 10.0.40219.1
Project("{FAE04EC0-301F-11D3-BF4B-00C04F79EFBC}") = "exersize 10", "exersize 10.csproj", "{FAE811AC-58C8-46BD-A10A-DED0E1B9E2FF}"
EndProject
Global
	GlobalSection(SolutionConfigurationPlatforms) = preSolution
		Debug|Any CPU = Debug|Any CPU
		Release|Any CPU = Release|Any CPU
	EndGlobalSection
	GlobalSection(ProjectConfigurationPlatforms) = postSolution
		{FAE811AC-58C8-46BD-A10A-DED0E1B9E2FF}.Debug|Any CPU.ActiveCfg = Debug|Any CPU
		{FAE811AC-58C8-46BD-A10A-DED0E1B9E2FF}.Debug|Any CPU.Build.0 = Debug|Any CPU
		{FAE811AC-58C8-46BD-A10A-DED0E1B9E2FF}.Release|Any CPU.ActiveCfg = Release|Any CPU
		{FAE811AC-58C8-46BD-A10A-DED0E1B9E2FF}.Release|Any CPU.Build.0 = Release|Any CPU
	EndGlobalSection
	GlobalSection(SolutionProperties) = preSolution
		HideSolutionNode = FALSE
	EndGlobalSection
	GlobalSection(ExtensibilityGlobals) = postSolution
		SolutionGuid = {F6BFC850-CE1B-4953-BA79-04DAF626A8FC}
	EndGlobalSection
EndGlobal
